<?xml version="1.0" encoding="utf-8"?>
<Project ToolsVersion="4.0" xmlns="http://schemas.microsoft.com/developer/msbuild/2003">
  <ItemGroup>
    <Filter Include="Source Files">
      <UniqueIdentifier>{4FC737F1-C7A5-4376-A066-2A32D752A2FF}</UniqueIdentifier>
      <Extensions>qml;cpp;c;cc;cxx;def;odl;idl;hpj;bat;asm;asmx</Extensions>
    </Filter>
    <Filter Include="Header Files">
      <UniqueIdentifier>{93995380-89BD-4b04-88EB-625FBE52EBFB}</UniqueIdentifier>
      <Extensions>h;hh;hpp;hxx;hm;inl;inc;xsd</Extensions>
    </Filter>
    <Filter Include="Resource Files">
      <UniqueIdentifier>{67DA6AB6-F800-4c08-8B7A-83BB121AAD01}</UniqueIdentifier>
      <Extensions>qrc;rc;ico;cur;bmp;dlg;rc2;rct;bin;rgs;gif;jpg;jpeg;jpe;resx;tiff;tif;png;wav;mfcribbon-ms</Extensions>
    </Filter>
    <Filter Include="Form Files">
      <UniqueIdentifier>{99349809-55BA-4b9d-BF79-8FDBB0286EB3}</UniqueIdentifier>
      <Extensions>ui</Extensions>
    </Filter>
    <Filter Include="Translation Files">
      <UniqueIdentifier>{639EADAA-A684-42e4-A9AD-28FC9BCB8F7C}</UniqueIdentifier>
      <Extensions>ts</Extensions>
    </Filter>
    <Filter Include="util">
      <UniqueIdentifier>{0464e6e8-2a03-4215-a015-8423ca809755}</UniqueIdentifier>
    </Filter>
  </ItemGroup>
  <ItemGroup>
    <QtRcc Include="test_customPlot_hreatMap.qrc">
      <Filter>Resource Files</Filter>
    </QtRcc>
    <QtUic Include="test_customPlot_hreatMap.ui">
      <Filter>Form Files</Filter>
    </QtUic>
    <QtMoc Include="MainViewControl.h">
      <Filter>Header Files</Filter>
    </QtMoc>
    <ClCompile Include="MainViewControl.cpp">
      <Filter>Source Files</Filter>
    </ClCompile>
  </ItemGroup>
  <ItemGroup>
    <ClCompile Include="main.cpp">
      <Filter>Source Files</Filter>
    </ClCompile>
    <ClCompile Include="include\qcustomplot.cpp">
      <Filter>Source Files</Filter>
    </ClCompile>
    <ClCompile Include="soundcard.cpp">
      <Filter>Source Files</Filter>
    </ClCompile>
    <ClCompile Include="FFT_change.cpp">
      <Filter>Source Files</Filter>
    </ClCompile>
    <ClCompile Include="Custom_Box.cpp">
      <Filter>Source Files</Filter>
    </ClCompile>
    <ClCompile Include="CVMat2QImage.cpp">
      <Filter>Source Files</Filter>
    </ClCompile>
    <ClCompile Include="MyStruct.h">
      <Filter>util</Filter>
    </ClCompile>
    <ClCompile Include="include\Camera.cpp">
      <Filter>Source Files</Filter>
    </ClCompile>
    <ClCompile Include="include\ObServerationAngle.cpp">
      <Filter>Source Files</Filter>
    </ClCompile>
    <ClCompile Include="View_DeviceChoose.cpp">
      <Filter>Source Files</Filter>
    </ClCompile>
    <ClCompile Include="View_FrequencyTimeDomain.cpp">
      <Filter>Source Files</Filter>
    </ClCompile>
    <ClCompile Include="BaseWidget.cpp">
      <Filter>Source Files</Filter>
    </ClCompile>
    <ClCompile Include="include\nidevice.cpp">
      <Filter>Source Files</Filter>
    </ClCompile>
    <ClCompile Include="include\EncapsloationWAVAudio.cpp">
      <Filter>Source Files</Filter>
    </ClCompile>
    <ClCompile Include="View_AudioRecord.cpp">
      <Filter>Source Files</Filter>
    </ClCompile>
    <ClCompile Include="Model_RecordAudio.cpp">
      <Filter>Source Files</Filter>
    </ClCompile>
    <ClCompile Include="View_TabWidget_Setting.cpp">
      <Filter>Source Files</Filter>
    </ClCompile>
    <ClCompile Include="Model_VideoDevice.cpp">
      <Filter>Source Files</Filter>
    </ClCompile>
    <ClCompile Include="View_ValueOfTFSetting.cpp">
      <Filter>Source Files</Filter>
    </ClCompile>
    <ClCompile Include="include\GLContext.cpp">
      <Filter>Source Files</Filter>
    </ClCompile>
    <ClCompile Include="include\GLEWINQT2.cpp">
      <Filter>Source Files</Filter>
    </ClCompile>
    <ClCompile Include="CalibrationDll.cpp">
      <Filter>Source Files</Filter>
    </ClCompile>
    <ClCompile Include="View_filteringSetting.cpp">
      <Filter>Source Files</Filter>
    </ClCompile>
    <ClCompile Include="MainModel.cpp">
      <Filter>Source Files</Filter>
    </ClCompile>
    <ClCompile Include="Model_filteringSetting.cpp">
      <Filter>Source Files</Filter>
    </ClCompile>
    <ClCompile Include="filtDll.cpp">
      <Filter>Source Files</Filter>
    </ClCompile>
    <ClCompile Include="Model_AudioCollector.cpp">
      <Filter>Source Files</Filter>
    </ClCompile>
    <ClCompile Include="View_DistanceSelect.cpp">
      <Filter>Source Files</Filter>
    </ClCompile>
    <ClCompile Include="View_HMCutOut.cpp">
      <Filter>Source Files</Filter>
    </ClCompile>
    <ClCompile Include="Model_HMCutOut.cpp">
      <Filter>Source Files</Filter>
    </ClCompile>
    <ClCompile Include="View_HmSizeFactor.cpp">
      <Filter>Source Files</Filter>
    </ClCompile>
    <ClCompile Include="Model_HmSizeFactor.cpp">
      <Filter>Source Files</Filter>
    </ClCompile>
    <ClCompile Include="MainViewController.cpp">
      <Filter>Source Files</Filter>
    </ClCompile>
    <ClCompile Include="View_hotMapAndVideoDisplay.cpp">
      <Filter>Source Files</Filter>
    </ClCompile>
    <ClCompile Include="Model_hotMapAndVideoDisplay.cpp">
      <Filter>Source Files</Filter>
    </ClCompile>
    <ClCompile Include="Model_HKDeviceGetRealTimeData.cpp">
      <Filter>Source Files</Filter>
    </ClCompile>
    <ClCompile Include="Model_CarPlateIdentify.cpp">
      <Filter>Source Files</Filter>
    </ClCompile>
    <ClCompile Include="include\include_Easypr\xmlParser.cpp">
      <Filter>Source Files</Filter>
    </ClCompile>
    <ClCompile Include="View_CarIdentifyInfoDisplay.cpp">
      <Filter>Source Files</Filter>
    </ClCompile>
    <ClCompile Include="Model_CarIdentifyInfoDisplay.cpp">
      <Filter>Source Files</Filter>
    </ClCompile>
  </ItemGroup>
  <ItemGroup>
    <QtMoc Include="include\qcustomplot.h">
      <Filter>Header Files</Filter>
    </QtMoc>
    <QtMoc Include="soundcard.h">
      <Filter>Header Files</Filter>
    </QtMoc>
    <QtMoc Include="Custom_Box.h">
      <Filter>Header Files</Filter>
    </QtMoc>
    <QtMoc Include="include\Camera.h">
      <Filter>Header Files</Filter>
    </QtMoc>
    <QtMoc Include="include\ObServerationAngle.h">
      <Filter>Header Files</Filter>
    </QtMoc>
    <QtMoc Include="View_DeviceChoose.h">
      <Filter>Header Files</Filter>
    </QtMoc>
    <QtMoc Include="View_FrequencyTimeDomain.h">
      <Filter>Header Files</Filter>
    </QtMoc>
    <QtMoc Include="include\nidevice.h">
      <Filter>Header Files</Filter>
    </QtMoc>
    <QtMoc Include="View_TabWidget_Setting.h">
      <Filter>Header Files</Filter>
    </QtMoc>
    <QtMoc Include="View_AudioRecord.h">
      <Filter>Header Files</Filter>
    </QtMoc>
    <QtMoc Include="Model_VideoDevice.h">
      <Filter>Header Files</Filter>
    </QtMoc>
    <QtMoc Include="View_ValueOfTFSetting.h">
      <Filter>Header Files</Filter>
    </QtMoc>
    <QtMoc Include="include\GLEWINQT2.h">
      <Filter>Header Files</Filter>
    </QtMoc>
    <QtMoc Include="MainModel.h">
      <Filter>Header Files</Filter>
    </QtMoc>
    <QtMoc Include="Model_filteringSetting.h">
      <Filter>Header Files</Filter>
    </QtMoc>
    <QtMoc Include="Model_AudioCollector.h">
      <Filter>Header Files</Filter>
    </QtMoc>
    <QtMoc Include="Model_HMCutOut.h">
      <Filter>Header Files</Filter>
    </QtMoc>
    <QtMoc Include="Model_HmSizeFactor.h">
      <Filter>Header Files</Filter>
    </QtMoc>
    <QtMoc Include="MainViewController.h">
      <Filter>Header Files</Filter>
    </QtMoc>
    <QtMoc Include="Model_hotMapAndVideoDisplay.h">
      <Filter>Header Files</Filter>
    </QtMoc>
    <QtMoc Include="View_hotMapAndVideoDisplay.h">
      <Filter>Header Files</Filter>
    </QtMoc>
    <QtMoc Include="Model_HKDeviceGetRealTimeData.h">
      <Filter>Header Files</Filter>
    </QtMoc>
    <QtMoc Include="Model_CarPlateIdentify.h">
      <Filter>Header Files</Filter>
    </QtMoc>
    <QtMoc Include="View_CarIdentifyInfoDisplay.h">
      <Filter>Header Files</Filter>
    </QtMoc>
    <QtMoc Include="Model_CarIdentifyInfoDisplay.h">
      <Filter>Header Files</Filter>
    </QtMoc>
  </ItemGroup>
  <ItemGroup>
    <ClInclude Include="fftw3.h">
      <Filter>Header Files</Filter>
    </ClInclude>
    <ClInclude Include="FFT_change.h">
      <Filter>Header Files</Filter>
    </ClInclude>
    <ClInclude Include="CVMat2QImage.h">
      <Filter>Header Files</Filter>
    </ClInclude>
    <ClInclude Include="BaseWidget.h">
      <Filter>Header Files</Filter>
    </ClInclude>
    <ClInclude Include="include\EncapsloationWAVAudio.h">
      <Filter>Header Files</Filter>
    </ClInclude>
    <ClInclude Include="Model_RecordAudio.h">
      <Filter>Header Files</Filter>
    </ClInclude>
    <ClInclude Include="include\GenerateLvsFloat64ToInt.hh">
      <Filter>Header Files</Filter>
    </ClInclude>
    <ClInclude Include="direction_spl.h">
      <Filter>Header Files</Filter>
    </ClInclude>
    <ClInclude Include="include\glCheck.hpp">
      <Filter>Header Files</Filter>
    </ClInclude>
    <ClInclude Include="include\GLContext.h">
      <Filter>Header Files</Filter>
    </ClInclude>
    <ClInclude Include="CalibrationDll.h">
      <Filter>Header Files</Filter>
    </ClInclude>
    <ClInclude Include="calibration.h">
      <Filter>Header Files</Filter>
    </ClInclude>
    <ClInclude Include="filt.h">
      <Filter>Header Files</Filter>
    </ClInclude>
    <ClInclude Include="filtDll.h">
      <Filter>Header Files</Filter>
    </ClInclude>
    <ClInclude Include="DataPack.h">
      <Filter>Header Files</Filter>
    </ClInclude>
    <ClInclude Include="View_DistanceSelect.h">
      <Filter>Header Files</Filter>
    </ClInclude>
    <ClInclude Include="View_HMCutOut.h">
      <Filter>Header Files</Filter>
    </ClInclude>
    <ClInclude Include="View_HmSizeFactor.h">
      <Filter>Header Files</Filter>
    </ClInclude>
    <ClInclude Include="GlobalConfig.hpp">
      <Filter>Header Files</Filter>
    </ClInclude>
    <ClInclude Include="resource.h">
      <Filter>Header Files</Filter>
    </ClInclude>
    <ClInclude Include="include\CustomHm.hpp">
      <Filter>Header Files</Filter>
    </ClInclude>
    <ClInclude Include="MyNameSpace.h">
      <Filter>Header Files</Filter>
    </ClInclude>
    <ClInclude Include="include\include_Easypr\xmlParser.h">
      <Filter>Header Files</Filter>
    </ClInclude>
  </ItemGroup>
  <ItemGroup>
    <None Include="include\vertShader.glsl" />
    <None Include="include\vertShader2.glsl" />
    <None Include="glsl\fragShader3.glsl" />
    <None Include="glsl\vertShader3.glsl" />
    <None Include="glsl\fragShader.glsl" />
    <None Include="glsl\fragShader2.glsl" />
  </ItemGroup>
  <ItemGroup>
    <ResourceCompile Include="image\ICon.rc">
      <Filter>Resource Files</Filter>
    </ResourceCompile>
  </ItemGroup>
</Project>